
Microsoft Visual Studio Solution File, Format Version 11.00
# Visual Studio 2010
Project("{FAE04EC0-301F-11D3-BF4B-00C04F79EFBC}") = "Assembly-CSharp", "Assembly-CSharp.csproj", "{10656314-30c5-d34a-0f13-2ff92a416611}"
EndProject
Project("{FAE04EC0-301F-11D3-BF4B-00C04F79EFBC}") = "Assembly-CSharp-Editor", "Assembly-CSharp-Editor.csproj", "{f06baaaf-e601-0534-7109-38c22d5393e9}"
EndProject
Global
	GlobalSection(SolutionConfigurationPlatforms) = preSolution
		Debug|Any CPU = Debug|Any CPU
	EndGlobalSection
	GlobalSection(ProjectConfigurationPlatforms) = postSolution
		{10656314-30c5-d34a-0f13-2ff92a416611}.Debug|Any CPU.ActiveCfg = Debug|Any CPU
		{10656314-30c5-d34a-0f13-2ff92a416611}.Debug|Any CPU.Build.0 = Debug|Any CPU
		{f06baaaf-e601-0534-7109-38c22d5393e9}.Debug|Any CPU.ActiveCfg = Debug|Any CPU
		{f06baaaf-e601-0534-7109-38c22d5393e9}.Debug|Any CPU.Build.0 = Debug|Any CPU
	EndGlobalSection
	GlobalSection(SolutionProperties) = preSolution
		HideSolutionNode = FALSE
	EndGlobalSection
EndGlobal
